schema: '2.0'
stages:
  Data Ingestion:
    cmd: python src/NER_data_ingestion/data_ingestion.py
    deps:
    - path: src/NER_data_ingestion/data_ingestion.py
      md5: 720c5f130ac264fb045ad96e9d7c671d
      size: 1574
    - path: src/NER_utils
      md5: 8cc9a86ee802bee9fce6d75e3f4ccf56.dir
      size: 3303
      nfiles: 6
    outs:
    - path: artifacts/cache_dir
      md5: fa3a89203709749e1980c7c0c7afc8bd.dir
      size: 475668145
      nfiles: 182
